// !$*UTF8*$!
{
	archiveVersion = 1;
	classes = {
	};
	objectVersion = 77;
	objects = {

/* Begin PBXBuildFile section */
		FC1CF1652E4014AE00730F41 /* Lottie in Frameworks */ = {isa = PBXBuildFile; productRef = FC1CF1642E4014AE00730F41 /* Lottie */; };
		FC52FDB82E1AF99E00BB4122 /* WrappingHStack in Frameworks */ = {isa = PBXBuildFile; productRef = FC52FDB72E1AF99E00BB4122 /* WrappingHStack */; };
		FC8CF4212E17B43F00DA510D /* SimpleKeychain in Frameworks */ = {isa = PBXBuildFile; productRef = FC8CF4202E17B43F00DA510D /* SimpleKeychain */; };
		FC8CF4272E17C13D00DA510D /* Swifter in Frameworks */ = {isa = PBXBuildFile; productRef = FC8CF4262E17C13D00DA510D /* Swifter */; };
		FCC34F4B2E189462009E6D04 /* XCTestApp in Frameworks */ = {isa = PBXBuildFile; productRef = FCC34F4A2E189462009E6D04 /* XCTestApp */; };
		FCC34F4D2E189462009E6D04 /* XCTestExtensions in Frameworks */ = {isa = PBXBuildFile; productRef = FCC34F4C2E189462009E6D04 /* XCTestExtensions */; };
		FCE09F332D7BA0B200F1C7BC /* SimpleKeychain in Frameworks */ = {isa = PBXBuildFile; productRef = FCE09F322D7BA0B200F1C7BC /* SimpleKeychain */; };
/* End PBXBuildFile section */

/* Begin PBXContainerItemProxy section */
		FCA862CA2E0F48B80061C44C /* PBXContainerItemProxy */ = {
			isa = PBXContainerItemProxy;
			containerPortal = FC19E4712D091EE6003438FE /* Project object */;
			proxyType = 1;
			remoteGlobalIDString = FC19E4782D091EE6003438FE;
			remoteInfo = DialedIn;
		};
		FCA862D92E0F49150061C44C /* PBXContainerItemProxy */ = {
			isa = PBXContainerItemProxy;
			containerPortal = FC19E4712D091EE6003438FE /* Project object */;
			proxyType = 1;
			remoteGlobalIDString = FC19E4782D091EE6003438FE;
			remoteInfo = DialedIn;
		};
/* End PBXContainerItemProxy section */

/* Begin PBXFileReference section */
		FC19E4792D091EE6003438FE /* DialedIn.app */ = {isa = PBXFileReference; explicitFileType = wrapper.application; includeInIndex = 0; path = DialedIn.app; sourceTree = BUILT_PRODUCTS_DIR; };
		FCA81CDA2D5B2C8D0065D90D /* DialedIn-Info.plist */ = {isa = PBXFileReference; lastKnownFileType = text.plist; path = "DialedIn-Info.plist"; sourceTree = "<group>"; };
		FCA862C62E0F48B80061C44C /* DialedInTests.xctest */ = {isa = PBXFileReference; explicitFileType = wrapper.cfbundle; includeInIndex = 0; path = DialedInTests.xctest; sourceTree = BUILT_PRODUCTS_DIR; };
		FCA862D32E0F49150061C44C /* DialedInUITests.xctest */ = {isa = PBXFileReference; explicitFileType = wrapper.cfbundle; includeInIndex = 0; path = DialedInUITests.xctest; sourceTree = BUILT_PRODUCTS_DIR; };
/* End PBXFileReference section */

/* Begin PBXFileSystemSynchronizedBuildFileExceptionSet section */
		FC8CF41F2E17AD9800DA510D /* Exceptions for "frontend" folder in "DialedInUITests" target */ = {
			isa = PBXFileSystemSynchronizedBuildFileExceptionSet;
			membershipExceptions = (
				Shared/UIIdentifiers.swift,
			);
			target = FCA862D22E0F49150061C44C /* DialedInUITests */;
		};
/* End PBXFileSystemSynchronizedBuildFileExceptionSet section */

/* Begin PBXFileSystemSynchronizedRootGroup section */
		FC19E47B2D091EE6003438FE /* frontend */ = {
			isa = PBXFileSystemSynchronizedRootGroup;
			exceptions = (
				FC8CF41F2E17AD9800DA510D /* Exceptions for "frontend" folder in "DialedInUITests" target */,
			);
			path = frontend;
			sourceTree = "<group>";
		};
		FCA862C72E0F48B80061C44C /* DialedInTests */ = {
			isa = PBXFileSystemSynchronizedRootGroup;
			path = DialedInTests;
			sourceTree = "<group>";
		};
		FCA862D42E0F49150061C44C /* DialedInUITests */ = {
			isa = PBXFileSystemSynchronizedRootGroup;
			path = DialedInUITests;
			sourceTree = "<group>";
		};
/* End PBXFileSystemSynchronizedRootGroup section */

/* Begin PBXFrameworksBuildPhase section */
		FC19E4762D091EE6003438FE /* Frameworks */ = {
			isa = PBXFrameworksBuildPhase;
			buildActionMask = 2147483647;
			files = (
				FC52FDB82E1AF99E00BB4122 /* WrappingHStack in Frameworks */,
				FCE09F332D7BA0B200F1C7BC /* SimpleKeychain in Frameworks */,
				FC1CF1652E4014AE00730F41 /* Lottie in Frameworks */,
			);
			runOnlyForDeploymentPostprocessing = 0;
		};
		FCA862C32E0F48B80061C44C /* Frameworks */ = {
			isa = PBXFrameworksBuildPhase;
			buildActionMask = 2147483647;
			files = (
			);
			runOnlyForDeploymentPostprocessing = 0;
		};
		FCA862D02E0F49150061C44C /* Frameworks */ = {
			isa = PBXFrameworksBuildPhase;
			buildActionMask = 2147483647;
			files = (
				FC8CF4212E17B43F00DA510D /* SimpleKeychain in Frameworks */,
				FC8CF4272E17C13D00DA510D /* Swifter in Frameworks */,
				FCC34F4B2E189462009E6D04 /* XCTestApp in Frameworks */,
				FCC34F4D2E189462009E6D04 /* XCTestExtensions in Frameworks */,
			);
			runOnlyForDeploymentPostprocessing = 0;
		};
/* End PBXFrameworksBuildPhase section */

/* Begin PBXGroup section */
		FC19E4702D091EE6003438FE = {
			isa = PBXGroup;
			children = (
				FCA81CDA2D5B2C8D0065D90D /* DialedIn-Info.plist */,
				FC19E47B2D091EE6003438FE /* frontend */,
				FCA862C72E0F48B80061C44C /* DialedInTests */,
				FCA862D42E0F49150061C44C /* DialedInUITests */,
				FCE09F2E2D7B9F6E00F1C7BC /* Frameworks */,
				FC19E47A2D091EE6003438FE /* Products */,
			);
			sourceTree = "<group>";
		};
		FC19E47A2D091EE6003438FE /* Products */ = {
			isa = PBXGroup;
			children = (
				FC19E4792D091EE6003438FE /* DialedIn.app */,
				FCA862C62E0F48B80061C44C /* DialedInTests.xctest */,
				FCA862D32E0F49150061C44C /* DialedInUITests.xctest */,
			);
			name = Products;
			sourceTree = "<group>";
		};
		FCE09F2E2D7B9F6E00F1C7BC /* Frameworks */ = {
			isa = PBXGroup;
			children = (
			);
			name = Frameworks;
			sourceTree = "<group>";
		};
/* End PBXGroup section */

/* Begin PBXNativeTarget section */
		FC19E4782D091EE6003438FE /* DialedIn */ = {
			isa = PBXNativeTarget;
			buildConfigurationList = FC19E4872D091EE7003438FE /* Build configuration list for PBXNativeTarget "DialedIn" */;
			buildPhases = (
				FC19E4752D091EE6003438FE /* Sources */,
				FC19E4762D091EE6003438FE /* Frameworks */,
				FC19E4772D091EE6003438FE /* Resources */,
			);
			buildRules = (
			);
			dependencies = (
			);
			fileSystemSynchronizedGroups = (
				FC19E47B2D091EE6003438FE /* frontend */,
			);
			name = DialedIn;
			packageProductDependencies = (
				FCE09F322D7BA0B200F1C7BC /* SimpleKeychain */,
				FC52FDB72E1AF99E00BB4122 /* WrappingHStack */,
				FC1CF1642E4014AE00730F41 /* Lottie */,
			);
			productName = frontend;
			productReference = FC19E4792D091EE6003438FE /* DialedIn.app */;
			productType = "com.apple.product-type.application";
		};
		FCA862C52E0F48B80061C44C /* DialedInTests */ = {
			isa = PBXNativeTarget;
			buildConfigurationList = FCA862CC2E0F48B80061C44C /* Build configuration list for PBXNativeTarget "DialedInTests" */;
			buildPhases = (
				FCA862C22E0F48B80061C44C /* Sources */,
				FCA862C32E0F48B80061C44C /* Frameworks */,
				FCA862C42E0F48B80061C44C /* Resources */,
			);
			buildRules = (
			);
			dependencies = (
				FCA862CB2E0F48B80061C44C /* PBXTargetDependency */,
			);
			fileSystemSynchronizedGroups = (
				FCA862C72E0F48B80061C44C /* DialedInTests */,
			);
			name = DialedInTests;
			packageProductDependencies = (
			);
			productName = DialedInTests;
			productReference = FCA862C62E0F48B80061C44C /* DialedInTests.xctest */;
			productType = "com.apple.product-type.bundle.unit-test";
		};
		FCA862D22E0F49150061C44C /* DialedInUITests */ = {
			isa = PBXNativeTarget;
			buildConfigurationList = FCA862DB2E0F49150061C44C /* Build configuration list for PBXNativeTarget "DialedInUITests" */;
			buildPhases = (
				FCA862CF2E0F49150061C44C /* Sources */,
				FCA862D02E0F49150061C44C /* Frameworks */,
				FCA862D12E0F49150061C44C /* Resources */,
			);
			buildRules = (
			);
			dependencies = (
				FCA862DA2E0F49150061C44C /* PBXTargetDependency */,
			);
			fileSystemSynchronizedGroups = (
				FCA862D42E0F49150061C44C /* DialedInUITests */,
			);
			name = DialedInUITests;
			packageProductDependencies = (
				FC8CF4202E17B43F00DA510D /* SimpleKeychain */,
				FC8CF4262E17C13D00DA510D /* Swifter */,
				FCC34F4A2E189462009E6D04 /* XCTestApp */,
				FCC34F4C2E189462009E6D04 /* XCTestExtensions */,
			);
			productName = DialedInUITests;
			productReference = FCA862D32E0F49150061C44C /* DialedInUITests.xctest */;
			productType = "com.apple.product-type.bundle.ui-testing";
		};
/* End PBXNativeTarget section */

/* Begin PBXProject section */
		FC19E4712D091EE6003438FE /* Project object */ = {
			isa = PBXProject;
			attributes = {
				BuildIndependentTargetsInParallel = 1;
				LastSwiftUpdateCheck = 1620;
				LastUpgradeCheck = 1610;
				TargetAttributes = {
					FC19E4782D091EE6003438FE = {
						CreatedOnToolsVersion = 16.1;
					};
					FCA862C52E0F48B80061C44C = {
						CreatedOnToolsVersion = 16.2;
						TestTargetID = FC19E4782D091EE6003438FE;
					};
					FCA862D22E0F49150061C44C = {
						CreatedOnToolsVersion = 16.2;
						TestTargetID = FC19E4782D091EE6003438FE;
					};
				};
			};
			buildConfigurationList = FC19E4742D091EE6003438FE /* Build configuration list for PBXProject "DialedIn" */;
			developmentRegion = en;
			hasScannedForEncodings = 0;
			knownRegions = (
				en,
				Base,
			);
			mainGroup = FC19E4702D091EE6003438FE;
			minimizedProjectReferenceProxies = 1;
			packageReferences = (
				FCE09F312D7BA0AA00F1C7BC /* XCRemoteSwiftPackageReference "SimpleKeychain" */,
				FC8CF4252E17C11000DA510D /* XCRemoteSwiftPackageReference "swifter" */,
				FCC34F492E189462009E6D04 /* XCRemoteSwiftPackageReference "XCTestExtensions" */,
				FC52FDB62E1AF99E00BB4122 /* XCRemoteSwiftPackageReference "WrappingHStack" */,
				FC1CF1632E4014AE00730F41 /* XCRemoteSwiftPackageReference "lottie-ios" */,
			);
			preferredProjectObjectVersion = 77;
			productRefGroup = FC19E47A2D091EE6003438FE /* Products */;
			projectDirPath = "";
			projectRoot = "";
			targets = (
				FC19E4782D091EE6003438FE /* DialedIn */,
				FCA862C52E0F48B80061C44C /* DialedInTests */,
				FCA862D22E0F49150061C44C /* DialedInUITests */,
			);
		};
/* End PBXProject section */

/* Begin PBXResourcesBuildPhase section */
		FC19E4772D091EE6003438FE /* Resources */ = {
			isa = PBXResourcesBuildPhase;
			buildActionMask = 2147483647;
			files = (
			);
			runOnlyForDeploymentPostprocessing = 0;
		};
		FCA862C42E0F48B80061C44C /* Resources */ = {
			isa = PBXResourcesBuildPhase;
			buildActionMask = 2147483647;
			files = (
			);
			runOnlyForDeploymentPostprocessing = 0;
		};
		FCA862D12E0F49150061C44C /* Resources */ = {
			isa = PBXResourcesBuildPhase;
			buildActionMask = 2147483647;
			files = (
			);
			runOnlyForDeploymentPostprocessing = 0;
		};
/* End PBXResourcesBuildPhase section */

/* Begin PBXSourcesBuildPhase section */
		FC19E4752D091EE6003438FE /* Sources */ = {
			isa = PBXSourcesBuildPhase;
			buildActionMask = 2147483647;
			files = (
			);
			runOnlyForDeploymentPostprocessing = 0;
		};
		FCA862C22E0F48B80061C44C /* Sources */ = {
			isa = PBXSourcesBuildPhase;
			buildActionMask = 2147483647;
			files = (
			);
			runOnlyForDeploymentPostprocessing = 0;
		};
		FCA862CF2E0F49150061C44C /* Sources */ = {
			isa = PBXSourcesBuildPhase;
			buildActionMask = 2147483647;
			files = (
			);
			runOnlyForDeploymentPostprocessing = 0;
		};
/* End PBXSourcesBuildPhase section */

/* Begin PBXTargetDependency section */
		FCA862CB2E0F48B80061C44C /* PBXTargetDependency */ = {
			isa = PBXTargetDependency;
			target = FC19E4782D091EE6003438FE /* DialedIn */;
			targetProxy = FCA862CA2E0F48B80061C44C /* PBXContainerItemProxy */;
		};
		FCA862DA2E0F49150061C44C /* PBXTargetDependency */ = {
			isa = PBXTargetDependency;
			target = FC19E4782D091EE6003438FE /* DialedIn */;
			targetProxy = FCA862D92E0F49150061C44C /* PBXContainerItemProxy */;
		};
/* End PBXTargetDependency section */

/* Begin XCBuildConfiguration section */
		FC19E4852D091EE7003438FE /* Debug */ = {
			isa = XCBuildConfiguration;
			buildSettings = {
				ALWAYS_SEARCH_USER_PATHS = NO;
				ASSETCATALOG_COMPILER_GENERATE_SWIFT_ASSET_SYMBOL_EXTENSIONS = YES;
				CLANG_ANALYZER_NONNULL = YES;
				CLANG_ANALYZER_NUMBER_OBJECT_CONVERSION = YES_AGGRESSIVE;
				CLANG_CXX_LANGUAGE_STANDARD = "gnu++20";
				CLANG_ENABLE_MODULES = YES;
				CLANG_ENABLE_OBJC_ARC = YES;
				CLANG_ENABLE_OBJC_WEAK = YES;
				CLANG_WARN_BLOCK_CAPTURE_AUTORELEASING = YES;
				CLANG_WARN_BOOL_CONVERSION = YES;
				CLANG_WARN_COMMA = YES;
				CLANG_WARN_CONSTANT_CONVERSION = YES;
				CLANG_WARN_DEPRECATED_OBJC_IMPLEMENTATIONS = YES;
				CLANG_WARN_DIRECT_OBJC_ISA_USAGE = YES_ERROR;
				CLANG_WARN_DOCUMENTATION_COMMENTS = YES;
				CLANG_WARN_EMPTY_BODY = YES;
				CLANG_WARN_ENUM_CONVERSION = YES;
				CLANG_WARN_INFINITE_RECURSION = YES;
				CLANG_WARN_INT_CONVERSION = YES;
				CLANG_WARN_NON_LITERAL_NULL_CONVERSION = YES;
				CLANG_WARN_OBJC_IMPLICIT_RETAIN_SELF = YES;
				CLANG_WARN_OBJC_LITERAL_CONVERSION = YES;
				CLANG_WARN_OBJC_ROOT_CLASS = YES_ERROR;
				CLANG_WARN_QUOTED_INCLUDE_IN_FRAMEWORK_HEADER = YES;
				CLANG_WARN_RANGE_LOOP_ANALYSIS = YES;
				CLANG_WARN_STRICT_PROTOTYPES = YES;
				CLANG_WARN_SUSPICIOUS_MOVE = YES;
				CLANG_WARN_UNGUARDED_AVAILABILITY = YES_AGGRESSIVE;
				CLANG_WARN_UNREACHABLE_CODE = YES;
				CLANG_WARN__DUPLICATE_METHOD_MATCH = YES;
				COPY_PHASE_STRIP = NO;
				DEBUG_INFORMATION_FORMAT = dwarf;
				ENABLE_STRICT_OBJC_MSGSEND = YES;
				ENABLE_TESTABILITY = YES;
				ENABLE_USER_SCRIPT_SANDBOXING = YES;
				GCC_C_LANGUAGE_STANDARD = gnu17;
				GCC_DYNAMIC_NO_PIC = NO;
				GCC_NO_COMMON_BLOCKS = YES;
				GCC_OPTIMIZATION_LEVEL = 0;
				GCC_PREPROCESSOR_DEFINITIONS = (
					"DEBUG=1",
					"$(inherited)",
				);
				GCC_WARN_64_TO_32_BIT_CONVERSION = YES;
				GCC_WARN_ABOUT_RETURN_TYPE = YES_ERROR;
				GCC_WARN_UNDECLARED_SELECTOR = YES;
				GCC_WARN_UNINITIALIZED_AUTOS = YES_AGGRESSIVE;
				GCC_WARN_UNUSED_FUNCTION = YES;
				GCC_WARN_UNUSED_VARIABLE = YES;
				IPHONEOS_DEPLOYMENT_TARGET = 18.1;
				LOCALIZATION_PREFERS_STRING_CATALOGS = YES;
				MTL_ENABLE_DEBUG_INFO = INCLUDE_SOURCE;
				MTL_FAST_MATH = YES;
				ONLY_ACTIVE_ARCH = YES;
				SDKROOT = iphoneos;
				SWIFT_ACTIVE_COMPILATION_CONDITIONS = "DEBUG $(inherited)";
				SWIFT_OPTIMIZATION_LEVEL = "-Onone";
			};
			name = Debug;
		};
		FC19E4862D091EE7003438FE /* Release */ = {
			isa = XCBuildConfiguration;
			buildSettings = {
				ALWAYS_SEARCH_USER_PATHS = NO;
				ASSETCATALOG_COMPILER_GENERATE_SWIFT_ASSET_SYMBOL_EXTENSIONS = YES;
				CLANG_ANALYZER_NONNULL = YES;
				CLANG_ANALYZER_NUMBER_OBJECT_CONVERSION = YES_AGGRESSIVE;
				CLANG_CXX_LANGUAGE_STANDARD = "gnu++20";
				CLANG_ENABLE_MODULES = YES;
				CLANG_ENABLE_OBJC_ARC = YES;
				CLANG_ENABLE_OBJC_WEAK = YES;
				CLANG_WARN_BLOCK_CAPTURE_AUTORELEASING = YES;
				CLANG_WARN_BOOL_CONVERSION = YES;
				CLANG_WARN_COMMA = YES;
				CLANG_WARN_CONSTANT_CONVERSION = YES;
				CLANG_WARN_DEPRECATED_OBJC_IMPLEMENTATIONS = YES;
				CLANG_WARN_DIRECT_OBJC_ISA_USAGE = YES_ERROR;
				CLANG_WARN_DOCUMENTATION_COMMENTS = YES;
				CLANG_WARN_EMPTY_BODY = YES;
				CLANG_WARN_ENUM_CONVERSION = YES;
				CLANG_WARN_INFINITE_RECURSION = YES;
				CLANG_WARN_INT_CONVERSION = YES;
				CLANG_WARN_NON_LITERAL_NULL_CONVERSION = YES;
				CLANG_WARN_OBJC_IMPLICIT_RETAIN_SELF = YES;
				CLANG_WARN_OBJC_LITERAL_CONVERSION = YES;
				CLANG_WARN_OBJC_ROOT_CLASS = YES_ERROR;
				CLANG_WARN_QUOTED_INCLUDE_IN_FRAMEWORK_HEADER = YES;
				CLANG_WARN_RANGE_LOOP_ANALYSIS = YES;
				CLANG_WARN_STRICT_PROTOTYPES = YES;
				CLANG_WARN_SUSPICIOUS_MOVE = YES;
				CLANG_WARN_UNGUARDED_AVAILABILITY = YES_AGGRESSIVE;
				CLANG_WARN_UNREACHABLE_CODE = YES;
				CLANG_WARN__DUPLICATE_METHOD_MATCH = YES;
				COPY_PHASE_STRIP = NO;
				DEBUG_INFORMATION_FORMAT = "dwarf-with-dsym";
				ENABLE_NS_ASSERTIONS = NO;
				ENABLE_STRICT_OBJC_MSGSEND = YES;
				ENABLE_USER_SCRIPT_SANDBOXING = YES;
				GCC_C_LANGUAGE_STANDARD = gnu17;
				GCC_NO_COMMON_BLOCKS = YES;
				GCC_WARN_64_TO_32_BIT_CONVERSION = YES;
				GCC_WARN_ABOUT_RETURN_TYPE = YES_ERROR;
				GCC_WARN_UNDECLARED_SELECTOR = YES;
				GCC_WARN_UNINITIALIZED_AUTOS = YES_AGGRESSIVE;
				GCC_WARN_UNUSED_FUNCTION = YES;
				GCC_WARN_UNUSED_VARIABLE = YES;
				IPHONEOS_DEPLOYMENT_TARGET = 18.1;
				LOCALIZATION_PREFERS_STRING_CATALOGS = YES;
				MTL_ENABLE_DEBUG_INFO = NO;
				MTL_FAST_MATH = YES;
				SDKROOT = iphoneos;
				SWIFT_COMPILATION_MODE = wholemodule;
				VALIDATE_PRODUCT = YES;
			};
			name = Release;
		};
		FC19E4882D091EE7003438FE /* Debug */ = {
			isa = XCBuildConfiguration;
			buildSettings = {
				ASSETCATALOG_COMPILER_APPICON_NAME = AppIcon;
				ASSETCATALOG_COMPILER_GLOBAL_ACCENT_COLOR_NAME = AccentColor;
				CODE_SIGN_STYLE = Automatic;
				CURRENT_PROJECT_VERSION = 1;
				DEVELOPMENT_ASSET_PATHS = "\"frontend/Preview Content\"";
				ENABLE_PREVIEWS = YES;
				GENERATE_INFOPLIST_FILE = YES;
				INFOPLIST_FILE = "DialedIn-Info.plist";
				INFOPLIST_KEY_UIApplicationSceneManifest_Generation = YES;
				INFOPLIST_KEY_UIApplicationSupportsIndirectInputEvents = YES;
				INFOPLIST_KEY_UILaunchScreen_Generation = YES;
				INFOPLIST_KEY_UISupportedInterfaceOrientations_iPad = "UIInterfaceOrientationPortrait UIInterfaceOrientationPortraitUpsideDown UIInterfaceOrientationLandscapeLeft UIInterfaceOrientationLandscapeRight";
				INFOPLIST_KEY_UISupportedInterfaceOrientations_iPhone = "UIInterfaceOrientationPortrait UIInterfaceOrientationLandscapeLeft UIInterfaceOrientationLandscapeRight";
				LD_RUNPATH_SEARCH_PATHS = (
					"$(inherited)",
					"@executable_path/Frameworks",
				);
				MARKETING_VERSION = 1.0;
				PRODUCT_BUNDLE_IDENTIFIER = hunter.dialedin.frontend;
				PRODUCT_NAME = "$(TARGET_NAME)";
				SWIFT_EMIT_LOC_STRINGS = YES;
				SWIFT_VERSION = 5.0;
				TARGETED_DEVICE_FAMILY = "1,2";
			};
			name = Debug;
		};
		FC19E4892D091EE7003438FE /* Release */ = {
			isa = XCBuildConfiguration;
			buildSettings = {
				ASSETCATALOG_COMPILER_APPICON_NAME = AppIcon;
				ASSETCATALOG_COMPILER_GLOBAL_ACCENT_COLOR_NAME = AccentColor;
				CODE_SIGN_STYLE = Automatic;
				CURRENT_PROJECT_VERSION = 1;
				DEVELOPMENT_ASSET_PATHS = "\"frontend/Preview Content\"";
				ENABLE_PREVIEWS = YES;
				GENERATE_INFOPLIST_FILE = YES;
				INFOPLIST_FILE = "DialedIn-Info.plist";
				INFOPLIST_KEY_UIApplicationSceneManifest_Generation = YES;
				INFOPLIST_KEY_UIApplicationSupportsIndirectInputEvents = YES;
				INFOPLIST_KEY_UILaunchScreen_Generation = YES;
				INFOPLIST_KEY_UISupportedInterfaceOrientations_iPad = "UIInterfaceOrientationPortrait UIInterfaceOrientationPortraitUpsideDown UIInterfaceOrientationLandscapeLeft UIInterfaceOrientationLandscapeRight";
				INFOPLIST_KEY_UISupportedInterfaceOrientations_iPhone = "UIInterfaceOrientationPortrait UIInterfaceOrientationLandscapeLeft UIInterfaceOrientationLandscapeRight";
				LD_RUNPATH_SEARCH_PATHS = (
					"$(inherited)",
					"@executable_path/Frameworks",
				);
				MARKETING_VERSION = 1.0;
				PRODUCT_BUNDLE_IDENTIFIER = hunter.dialedin.frontend;
				PRODUCT_NAME = "$(TARGET_NAME)";
				SWIFT_EMIT_LOC_STRINGS = YES;
				SWIFT_VERSION = 5.0;
				TARGETED_DEVICE_FAMILY = "1,2";
			};
			name = Release;
		};
		FCA862CD2E0F48B80061C44C /* Debug */ = {
			isa = XCBuildConfiguration;
			buildSettings = {
				BUNDLE_LOADER = "$(TEST_HOST)";
				CODE_SIGN_STYLE = Automatic;
				CURRENT_PROJECT_VERSION = 1;
				GENERATE_INFOPLIST_FILE = YES;
				IPHONEOS_DEPLOYMENT_TARGET = 18.2;
				MARKETING_VERSION = 1.0;
				PRODUCT_BUNDLE_IDENTIFIER = hunter.dialedin.DialedInTests;
				PRODUCT_NAME = "$(TARGET_NAME)";
				SWIFT_EMIT_LOC_STRINGS = NO;
				SWIFT_VERSION = 5.0;
				TARGETED_DEVICE_FAMILY = "1,2";
				TEST_HOST = "$(BUILT_PRODUCTS_DIR)/DialedIn.app/$(BUNDLE_EXECUTABLE_FOLDER_PATH)/DialedIn";
			};
			name = Debug;
		};
		FCA862CE2E0F48B80061C44C /* Release */ = {
			isa = XCBuildConfiguration;
			buildSettings = {
				BUNDLE_LOADER = "$(TEST_HOST)";
				CODE_SIGN_STYLE = Automatic;
				CURRENT_PROJECT_VERSION = 1;
				GENERATE_INFOPLIST_FILE = YES;
				IPHONEOS_DEPLOYMENT_TARGET = 18.2;
				MARKETING_VERSION = 1.0;
				PRODUCT_BUNDLE_IDENTIFIER = hunter.dialedin.DialedInTests;
				PRODUCT_NAME = "$(TARGET_NAME)";
				SWIFT_EMIT_LOC_STRINGS = NO;
				SWIFT_VERSION = 5.0;
				TARGETED_DEVICE_FAMILY = "1,2";
				TEST_HOST = "$(BUILT_PRODUCTS_DIR)/DialedIn.app/$(BUNDLE_EXECUTABLE_FOLDER_PATH)/DialedIn";
			};
			name = Release;
		};
		FCA862DC2E0F49150061C44C /* Debug */ = {
			isa = XCBuildConfiguration;
			buildSettings = {
				CODE_SIGN_STYLE = Automatic;
				CURRENT_PROJECT_VERSION = 1;
				GENERATE_INFOPLIST_FILE = YES;
				IPHONEOS_DEPLOYMENT_TARGET = 18.2;
				MARKETING_VERSION = 1.0;
				PRODUCT_BUNDLE_IDENTIFIER = hunter.dialedin.DialedInUITests;
				PRODUCT_NAME = "$(TARGET_NAME)";
				SWIFT_EMIT_LOC_STRINGS = NO;
				SWIFT_VERSION = 5.0;
				TARGETED_DEVICE_FAMILY = "1,2";
				TEST_TARGET_NAME = DialedIn;
			};
			name = Debug;
		};
		FCA862DD2E0F49150061C44C /* Release */ = {
			isa = XCBuildConfiguration;
			buildSettings = {
				CODE_SIGN_STYLE = Automatic;
				CURRENT_PROJECT_VERSION = 1;
				GENERATE_INFOPLIST_FILE = YES;
				IPHONEOS_DEPLOYMENT_TARGET = 18.2;
				MARKETING_VERSION = 1.0;
				PRODUCT_BUNDLE_IDENTIFIER = hunter.dialedin.DialedInUITests;
				PRODUCT_NAME = "$(TARGET_NAME)";
				SWIFT_EMIT_LOC_STRINGS = NO;
				SWIFT_VERSION = 5.0;
				TARGETED_DEVICE_FAMILY = "1,2";
				TEST_TARGET_NAME = DialedIn;
			};
			name = Release;
		};
/* End XCBuildConfiguration section */

/* Begin XCConfigurationList section */
		FC19E4742D091EE6003438FE /* Build configuration list for PBXProject "DialedIn" */ = {
			isa = XCConfigurationList;
			buildConfigurations = (
				FC19E4852D091EE7003438FE /* Debug */,
				FC19E4862D091EE7003438FE /* Release */,
			);
			defaultConfigurationIsVisible = 0;
			defaultConfigurationName = Release;
		};
		FC19E4872D091EE7003438FE /* Build configuration list for PBXNativeTarget "DialedIn" */ = {
			isa = XCConfigurationList;
			buildConfigurations = (
				FC19E4882D091EE7003438FE /* Debug */,
				FC19E4892D091EE7003438FE /* Release */,
			);
			defaultConfigurationIsVisible = 0;
			defaultConfigurationName = Release;
		};
		FCA862CC2E0F48B80061C44C /* Build configuration list for PBXNativeTarget "DialedInTests" */ = {
			isa = XCConfigurationList;
			buildConfigurations = (
				FCA862CD2E0F48B80061C44C /* Debug */,
				FCA862CE2E0F48B80061C44C /* Release */,
			);
			defaultConfigurationIsVisible = 0;
			defaultConfigurationName = Release;
		};
		FCA862DB2E0F49150061C44C /* Build configuration list for PBXNativeTarget "DialedInUITests" */ = {
			isa = XCConfigurationList;
			buildConfigurations = (
				FCA862DC2E0F49150061C44C /* Debug */,
				FCA862DD2E0F49150061C44C /* Release */,
			);
			defaultConfigurationIsVisible = 0;
			defaultConfigurationName = Release;
		};
/* End XCConfigurationList section */

/* Begin XCRemoteSwiftPackageReference section */
		FC1CF1632E4014AE00730F41 /* XCRemoteSwiftPackageReference "lottie-ios" */ = {
			isa = XCRemoteSwiftPackageReference;
			repositoryURL = "https://github.com/airbnb/lottie-ios.git";
			requirement = {
				kind = upToNextMajorVersion;
				minimumVersion = 4.5.2;
			};
		};
		FC52FDB62E1AF99E00BB4122 /* XCRemoteSwiftPackageReference "WrappingHStack" */ = {
			isa = XCRemoteSwiftPackageReference;
			repositoryURL = "https://github.com/dkk/WrappingHStack";
			requirement = {
				kind = upToNextMajorVersion;
				minimumVersion = 2.2.11;
			};
		};
		FC8CF4252E17C11000DA510D /* XCRemoteSwiftPackageReference "swifter" */ = {
			isa = XCRemoteSwiftPackageReference;
			repositoryURL = "https://github.com/httpswift/swifter";
			requirement = {
				kind = upToNextMajorVersion;
				minimumVersion = 1.5.0;
			};
		};
		FCC34F492E189462009E6D04 /* XCRemoteSwiftPackageReference "XCTestExtensions" */ = {
			isa = XCRemoteSwiftPackageReference;
			repositoryURL = "https://github.com/StanfordBDHG/XCTestExtensions.git";
			requirement = {
				kind = upToNextMajorVersion;
				minimumVersion = 1.2.1;
			};
		};
		FCE09F312D7BA0AA00F1C7BC /* XCRemoteSwiftPackageReference "SimpleKeychain" */ = {
			isa = XCRemoteSwiftPackageReference;
			repositoryURL = "https://github.com/auth0/SimpleKeychain.git";
			requirement = {
				kind = upToNextMajorVersion;
				minimumVersion = 1.2.0;
			};
		};
/* End XCRemoteSwiftPackageReference section */

/* Begin XCSwiftPackageProductDependency section */
		FC1CF1642E4014AE00730F41 /* Lottie */ = {
			isa = XCSwiftPackageProductDependency;
			package = FC1CF1632E4014AE00730F41 /* XCRemoteSwiftPackageReference "lottie-ios" */;
			productName = Lottie;
		};
		FC52FDB72E1AF99E00BB4122 /* WrappingHStack */ = {
			isa = XCSwiftPackageProductDependency;
			package = FC52FDB62E1AF99E00BB4122 /* XCRemoteSwiftPackageReference "WrappingHStack" */;
			productName = WrappingHStack;
		};
		FC8CF4202E17B43F00DA510D /* SimpleKeychain */ = {
			isa = XCSwiftPackageProductDependency;
			package = FCE09F312D7BA0AA00F1C7BC /* XCRemoteSwiftPackageReference "SimpleKeychain" */;
			productName = SimpleKeychain;
		};
		FC8CF4262E17C13D00DA510D /* Swifter */ = {
			isa = XCSwiftPackageProductDependency;
			package = FC8CF4252E17C11000DA510D /* XCRemoteSwiftPackageReference "swifter" */;
			productName = Swifter;
		};
		FCC34F4A2E189462009E6D04 /* XCTestApp */ = {
			isa = XCSwiftPackageProductDependency;
			package = FCC34F492E189462009E6D04 /* XCRemoteSwiftPackageReference "XCTestExtensions" */;
			productName = XCTestApp;
		};
		FCC34F4C2E189462009E6D04 /* XCTestExtensions */ = {
			isa = XCSwiftPackageProductDependency;
			package = FCC34F492E189462009E6D04 /* XCRemoteSwiftPackageReference "XCTestExtensions" */;
			productName = XCTestExtensions;
		};
		FCE09F322D7BA0B200F1C7BC /* SimpleKeychain */ = {
			isa = XCSwiftPackageProductDependency;
			package = FCE09F312D7BA0AA00F1C7BC /* XCRemoteSwiftPackageReference "SimpleKeychain" */;
			productName = SimpleKeychain;
		};
/* End XCSwiftPackageProductDependency section */
	};
	rootObject = FC19E4712D091EE6003438FE /* Project object */;
}
